
Microsoft Visual Studio Solution File, Format Version 12.00
# Visual Studio 15
VisualStudioVersion = 15.0.27703.2042
MinimumVisualStudioVersion = 10.0.40219.1
Project("{FAE04EC0-301F-11D3-BF4B-00C04F79EFBC}") = "JanuaryExam", "JanuaryExam\JanuaryExam.csproj", "{38D8C909-3E02-4E8E-AAD4-82B95D5C477D}"
EndProject
Global
	GlobalSection(SolutionConfigurationPlatforms) = preSolution
		Debug|Any CPU = Debug|Any CPU
		Release|Any CPU = Release|Any CPU
	EndGlobalSection
	GlobalSection(ProjectConfigurationPlatforms) = postSolution
		{38D8C909-3E02-4E8E-AAD4-82B95D5C477D}.Debug|Any CPU.ActiveCfg = Debug|Any CPU
		{38D8C909-3E02-4E8E-AAD4-82B95D5C477D}.Debug|Any CPU.Build.0 = Debug|Any CPU
		{38D8C909-3E02-4E8E-AAD4-82B95D5C477D}.Release|Any CPU.ActiveCfg = Release|Any CPU
		{38D8C909-3E02-4E8E-AAD4-82B95D5C477D}.Release|Any CPU.Build.0 = Release|Any CPU
	EndGlobalSection
	GlobalSection(SolutionProperties) = preSolution
		HideSolutionNode = FALSE
	EndGlobalSection
	GlobalSection(ExtensibilityGlobals) = postSolution
		SolutionGuid = {A295CEE6-DF52-4C98-B7FE-0FFC7D015399}
	EndGlobalSection
EndGlobal
